
Microsoft Visual Studio Solution File, Format Version 12.00
# Visual Studio Version 17
VisualStudioVersion = 17.14.36221.1 d17.14
MinimumVisualStudioVersion = 10.0.40219.1
Project("{FAE04EC0-301F-11D3-BF4B-00C04F79EFBC}") = "WebApi.CadastroPessoa", "WebApi.CadastroPessoa\WebApi.CadastroPessoa.csproj", "{D45468B6-4A6A-46DB-B820-3602D90E251B}"
EndProject
Global
	GlobalSection(SolutionConfigurationPlatforms) = preSolution
		Debug|Any CPU = Debug|Any CPU
		Release|Any CPU = Release|Any CPU
	EndGlobalSection
	GlobalSection(ProjectConfigurationPlatforms) = postSolution
		{D45468B6-4A6A-46DB-B820-3602D90E251B}.Debug|Any CPU.ActiveCfg = Debug|Any CPU
		{D45468B6-4A6A-46DB-B820-3602D90E251B}.Debug|Any CPU.Build.0 = Debug|Any CPU
		{D45468B6-4A6A-46DB-B820-3602D90E251B}.Release|Any CPU.ActiveCfg = Release|Any CPU
		{D45468B6-4A6A-46DB-B820-3602D90E251B}.Release|Any CPU.Build.0 = Release|Any CPU
	EndGlobalSection
	GlobalSection(SolutionProperties) = preSolution
		HideSolutionNode = FALSE
	EndGlobalSection
	GlobalSection(ExtensibilityGlobals) = postSolution
		SolutionGuid = {833F2A4E-7472-43B4-93B1-FC98E0861DB8}
	EndGlobalSection
EndGlobal
